{
  "name": "@meeovi/starter-adapter",
  "version": "1.0.0",
  "lockfileVersion": 3,
  "requires": true,
  "packages": {
    "": {
      "name": "@meeovi/starter-adapter",
      "version": "1.0.0",
      "license": "MIT",
      "dependencies": {
        "@meeovi/sdk": "^1.0.2",
        "@meeovi/types": "^1.0.1",
        "typescript": "^5.9.3"
      }
    },
    "node_modules/@meeovi/sdk": {
      "version": "1.0.2",
      "resolved": "https://registry.npmjs.org/@meeovi/sdk/-/sdk-1.0.2.tgz",
      "integrity": "sha512-t4mkaRweG9XpHm0RXEsSxZI1HQcZBUBGBasJHQuzxFRrKklGg6YsxcgQbbrKiCJRwAdTC4yAJmwaIXRpHKZhkg==",
      "license": "MIT",
      "dependencies": {
        "@meeovi/types": "^1.0.1",
        "typescript": "^5.9.3"
      }
    },
    "node_modules/@meeovi/types": {
      "version": "1.0.1",
      "resolved": "https://registry.npmjs.org/@meeovi/types/-/types-1.0.1.tgz",
      "integrity": "sha512-HVGX2cuntYQuozkEwQxER2l0qUk9sDB5hZwPOM8377dpAE7Pt69TvFVlyUBY7I/2nLaVZL4ugPJSeFPPKmBVog==",
      "license": "MIT",
      "dependencies": {
        "typescript": "^5.9.3",
        "zod": "^4.3.6"
      }
    },
    "node_modules/typescript": {
      "version": "5.9.3",
      "resolved": "https://registry.npmjs.org/typescript/-/typescript-5.9.3.tgz",
      "integrity": "sha512-jl1vZzPDinLr9eUt3J/t7V6FgNEw9QjvBPdysz9KfQDD41fQrC2Y4vKQdiaUpFT4bXlb1RHhLpp8wtm6M5TgSw==",
      "license": "Apache-2.0",
      "bin": {
        "tsc": "bin/tsc",
        "tsserver": "bin/tsserver"
      },
      "engines": {
        "node": ">=14.17"
      }
    },
    "node_modules/zod": {
      "version": "4.3.6",
      "resolved": "https://registry.npmjs.org/zod/-/zod-4.3.6.tgz",
      "integrity": "sha512-rftlrkhHZOcjDwkGlnUtZZkvaPHCsDATp4pGpuOOMDaTdDDXF91wuVDJoWoPsKX/3YPQ5fHuF3STjcYyKr+Qhg==",
      "license": "MIT",
      "funding": {
        "url": "https://github.com/sponsors/colinhacks"
      }
    }
  }
}
